
Microsoft Visual Studio Solution File, Format Version 12.00
# Visual Studio Version 17
VisualStudioVersion = 17.10.35027.167
MinimumVisualStudioVersion = 10.0.40219.1
Project("{FAE04EC0-301F-11D3-BF4B-00C04F79EFBC}") = "GestionTareasAPI", "GestionTareasAPI\GestionTareasAPI.csproj", "{A8E2CC6D-E60D-4F81-8B22-D011B615827C}"
EndProject
Project("{FAE04EC0-301F-11D3-BF4B-00C04F79EFBC}") = "GestionTareas_DataAccessLayer", "GestionTareas_DataAccessLayer\GestionTareas_DataAccessLayer.csproj", "{12D4BBC8-4877-4156-803B-5162AF379E32}"
EndProject
Project("{FAE04EC0-301F-11D3-BF4B-00C04F79EFBC}") = "GestionTareas_BusinessLayer", "GestionTareas_BusinessLayer\GestionTareas_BusinessLayer.csproj", "{D1F0273F-4B26-4329-9EC6-CF5CA6F89DD7}"
EndProject
Global
	GlobalSection(SolutionConfigurationPlatforms) = preSolution
		Debug|Any CPU = Debug|Any CPU
		Release|Any CPU = Release|Any CPU
	EndGlobalSection
	GlobalSection(ProjectConfigurationPlatforms) = postSolution
		{A8E2CC6D-E60D-4F81-8B22-D011B615827C}.Debug|Any CPU.ActiveCfg = Debug|Any CPU
		{A8E2CC6D-E60D-4F81-8B22-D011B615827C}.Debug|Any CPU.Build.0 = Debug|Any CPU
		{A8E2CC6D-E60D-4F81-8B22-D011B615827C}.Release|Any CPU.ActiveCfg = Release|Any CPU
		{A8E2CC6D-E60D-4F81-8B22-D011B615827C}.Release|Any CPU.Build.0 = Release|Any CPU
		{12D4BBC8-4877-4156-803B-5162AF379E32}.Debug|Any CPU.ActiveCfg = Debug|Any CPU
		{12D4BBC8-4877-4156-803B-5162AF379E32}.Debug|Any CPU.Build.0 = Debug|Any CPU
		{12D4BBC8-4877-4156-803B-5162AF379E32}.Release|Any CPU.ActiveCfg = Release|Any CPU
		{12D4BBC8-4877-4156-803B-5162AF379E32}.Release|Any CPU.Build.0 = Release|Any CPU
		{D1F0273F-4B26-4329-9EC6-CF5CA6F89DD7}.Debug|Any CPU.ActiveCfg = Debug|Any CPU
		{D1F0273F-4B26-4329-9EC6-CF5CA6F89DD7}.Debug|Any CPU.Build.0 = Debug|Any CPU
		{D1F0273F-4B26-4329-9EC6-CF5CA6F89DD7}.Release|Any CPU.ActiveCfg = Release|Any CPU
		{D1F0273F-4B26-4329-9EC6-CF5CA6F89DD7}.Release|Any CPU.Build.0 = Release|Any CPU
	EndGlobalSection
	GlobalSection(SolutionProperties) = preSolution
		HideSolutionNode = FALSE
	EndGlobalSection
	GlobalSection(ExtensibilityGlobals) = postSolution
		SolutionGuid = {2163B251-85BF-41EA-8346-3AE1DE091EEB}
	EndGlobalSection
EndGlobal
